// !$*UTF8*$!
{
	archiveVersion = 1;
	classes = {
	};
	objectVersion = 46;
	objects = {

/* Begin PBXBuildFile section */
		0AADA6AC1C3B2F0F00251178 /* finonacci.h in Headers */ = {isa = PBXBuildFile; fileRef = 0AADA6AB1C3B2F0F00251178 /* finonacci.h */; settings = {ATTRIBUTES = (Public, ); }; };
		0AADA6B21C3B2F0F00251178 /* finonacci.framework in Frameworks */ = {isa = PBXBuildFile; fileRef = 0AADA6A61C3B2F0F00251178 /* finonacci.framework */; };
		0AADA6B91C3B2F0F00251178 /* finonacciTests.swift in Sources */ = {isa = PBXBuildFile; fileRef = 0AADA6B81C3B2F0F00251178 /* finonacciTests.swift */; };
		0AADA6C31C3B31C300251178 /* fibonacci.swift in Sources */ = {isa = PBXBuildFile; fileRef = 0AADA6C21C3B31C300251178 /* fibonacci.swift */; };
/* End PBXBuildFile section */

/* Begin PBXContainerItemProxy section */
		0AADA6B31C3B2F0F00251178 /* PBXContainerItemProxy */ = {
			isa = PBXContainerItemProxy;
			containerPortal = 0AADA69D1C3B2F0F00251178 /* Project object */;
			proxyType = 1;
			remoteGlobalIDString = 0AADA6A51C3B2F0F00251178;
			remoteInfo = finonacci;
		};
/* End PBXContainerItemProxy section */

/* Begin PBXFileReference section */
		0AADA6A61C3B2F0F00251178 /* finonacci.framework */ = {isa = PBXFileReference; explicitFileType = wrapper.framework; includeInIndex = 0; path = finonacci.framework; sourceTree = BUILT_PRODUCTS_DIR; };
		0AADA6AA1C3B2F0F00251178 /* Info.plist */ = {isa = PBXFileReference; lastKnownFileType = text.plist.xml; path = Info.plist; sourceTree = "<group>"; };
		0AADA6AB1C3B2F0F00251178 /* finonacci.h */ = {isa = PBXFileReference; lastKnownFileType = sourcecode.c.h; path = finonacci.h; sourceTree = "<group>"; };
		0AADA6B11C3B2F0F00251178 /* finonacciTests.xctest */ = {isa = PBXFileReference; explicitFileType = wrapper.cfbundle; includeInIndex = 0; path = finonacciTests.xctest; sourceTree = BUILT_PRODUCTS_DIR; };
		0AADA6B71C3B2F0F00251178 /* Info.plist */ = {isa = PBXFileReference; lastKnownFileType = text.plist.xml; path = Info.plist; sourceTree = "<group>"; };
		0AADA6B81C3B2F0F00251178 /* finonacciTests.swift */ = {isa = PBXFileReference; lastKnownFileType = sourcecode.swift; path = finonacciTests.swift; sourceTree = "<group>"; };
		0AADA6C21C3B31C300251178 /* fibonacci.swift */ = {isa = PBXFileReference; fileEncoding = 4; lastKnownFileType = sourcecode.swift; path = fibonacci.swift; sourceTree = "<group>"; };
/* End PBXFileReference section */

/* Begin PBXFrameworksBuildPhase section */
		0AADA6A21C3B2F0F00251178 /* Frameworks */ = {
			isa = PBXFrameworksBuildPhase;
			buildActionMask = 2147483647;
			files = (
			);
			runOnlyForDeploymentPostprocessing = 0;
		};
		0AADA6AE1C3B2F0F00251178 /* Frameworks */ = {
			isa = PBXFrameworksBuildPhase;
			buildActionMask = 2147483647;
			files = (
				0AADA6B21C3B2F0F00251178 /* finonacci.framework in Frameworks */,
			);
			runOnlyForDeploymentPostprocessing = 0;
		};
/* End PBXFrameworksBuildPhase section */

/* Begin PBXGroup section */
		0AADA69C1C3B2F0F00251178 = {
			isa = PBXGroup;
			children = (
				0AADA6A81C3B2F0F00251178 /* finonacci */,
				0AADA6B51C3B2F0F00251178 /* finonacciTests */,
				0AADA6A71C3B2F0F00251178 /* Products */,
			);
			sourceTree = "<group>";
		};
		0AADA6A71C3B2F0F00251178 /* Products */ = {
			isa = PBXGroup;
			children = (
				0AADA6A61C3B2F0F00251178 /* finonacci.framework */,
				0AADA6B11C3B2F0F00251178 /* finonacciTests.xctest */,
			);
			name = Products;
			sourceTree = "<group>";
		};
		0AADA6A81C3B2F0F00251178 /* finonacci */ = {
			isa = PBXGroup;
			children = (
				0AADA6AB1C3B2F0F00251178 /* finonacci.h */,
				0AADA6C21C3B31C300251178 /* fibonacci.swift */,
				0AADA6A91C3B2F0F00251178 /* Supporting Files */,
			);
			path = finonacci;
			sourceTree = "<group>";
		};
		0AADA6A91C3B2F0F00251178 /* Supporting Files */ = {
			isa = PBXGroup;
			children = (
				0AADA6AA1C3B2F0F00251178 /* Info.plist */,
			);
			name = "Supporting Files";
			sourceTree = "<group>";
		};
		0AADA6B51C3B2F0F00251178 /* finonacciTests */ = {
			isa = PBXGroup;
			children = (
				0AADA6B81C3B2F0F00251178 /* finonacciTests.swift */,
				0AADA6B61C3B2F0F00251178 /* Supporting Files */,
			);
			path = finonacciTests;
			sourceTree = "<group>";
		};
		0AADA6B61C3B2F0F00251178 /* Supporting Files */ = {
			isa = PBXGroup;
			children = (
				0AADA6B71C3B2F0F00251178 /* Info.plist */,
			);
			name = "Supporting Files";
			sourceTree = "<group>";
		};
/* End PBXGroup section */

/* Begin PBXHeadersBuildPhase section */
		0AADA6A31C3B2F0F00251178 /* Headers */ = {
			isa = PBXHeadersBuildPhase;
			buildActionMask = 2147483647;
			files = (
				0AADA6AC1C3B2F0F00251178 /* finonacci.h in Headers */,
			);
			runOnlyForDeploymentPostprocessing = 0;
		};
/* End PBXHeadersBuildPhase section */

/* Begin PBXNativeTarget section */
		0AADA6A51C3B2F0F00251178 /* finonacci */ = {
			isa = PBXNativeTarget;
			buildConfigurationList = 0AADA6BC1C3B2F0F00251178 /* Build configuration list for PBXNativeTarget "finonacci" */;
			buildPhases = (
				0AADA6A11C3B2F0F00251178 /* Sources */,
				0AADA6A21C3B2F0F00251178 /* Frameworks */,
				0AADA6A31C3B2F0F00251178 /* Headers */,
				0AADA6A41C3B2F0F00251178 /* Resources */,
			);
			buildRules = (
			);
			dependencies = (
			);
			name = finonacci;
			productName = finonacci;
			productReference = 0AADA6A61C3B2F0F00251178 /* finonacci.framework */;
			productType = "com.apple.product-type.framework";
		};
		0AADA6B01C3B2F0F00251178 /* finonacciTests */ = {
			isa = PBXNativeTarget;
			buildConfigurationList = 0AADA6BF1C3B2F0F00251178 /* Build configuration list for PBXNativeTarget "finonacciTests" */;
			buildPhases = (
				0AADA6AD1C3B2F0F00251178 /* Sources */,
				0AADA6AE1C3B2F0F00251178 /* Frameworks */,
				0AADA6AF1C3B2F0F00251178 /* Resources */,
			);
			buildRules = (
			);
			dependencies = (
				0AADA6B41C3B2F0F00251178 /* PBXTargetDependency */,
			);
			name = finonacciTests;
			productName = finonacciTests;
			productReference = 0AADA6B11C3B2F0F00251178 /* finonacciTests.xctest */;
			productType = "com.apple.product-type.bundle.unit-test";
		};
/* End PBXNativeTarget section */

/* Begin PBXProject section */
		0AADA69D1C3B2F0F00251178 /* Project object */ = {
			isa = PBXProject;
			attributes = {
				LastUpgradeCheck = 0640;
				ORGANIZATIONNAME = Ciclica;
				TargetAttributes = {
					0AADA6A51C3B2F0F00251178 = {
						CreatedOnToolsVersion = 6.4;
					};
					0AADA6B01C3B2F0F00251178 = {
						CreatedOnToolsVersion = 6.4;
					};
				};
			};
			buildConfigurationList = 0AADA6A01C3B2F0F00251178 /* Build configuration list for PBXProject "finonacci" */;
			compatibilityVersion = "Xcode 3.2";
			developmentRegion = English;
			hasScannedForEncodings = 0;
			knownRegions = (
				en,
			);
			mainGroup = 0AADA69C1C3B2F0F00251178;
			productRefGroup = 0AADA6A71C3B2F0F00251178 /* Products */;
			projectDirPath = "";
			projectRoot = "";
			targets = (
				0AADA6A51C3B2F0F00251178 /* finonacci */,
				0AADA6B01C3B2F0F00251178 /* finonacciTests */,
			);
		};
/* End PBXProject section */

/* Begin PBXResourcesBuildPhase section */
		0AADA6A41C3B2F0F00251178 /* Resources */ = {
			isa = PBXResourcesBuildPhase;
			buildActionMask = 2147483647;
			files = (
			);
			runOnlyForDeploymentPostprocessing = 0;
		};
		0AADA6AF1C3B2F0F00251178 /* Resources */ = {
			isa = PBXResourcesBuildPhase;
			buildActionMask = 2147483647;
			files = (
			);
			runOnlyForDeploymentPostprocessing = 0;
		};
/* End PBXResourcesBuildPhase section */

/* Begin PBXSourcesBuildPhase section */
		0AADA6A11C3B2F0F00251178 /* Sources */ = {
			isa = PBXSourcesBuildPhase;
			buildActionMask = 2147483647;
			files = (
				0AADA6C31C3B31C300251178 /* fibonacci.swift in Sources */,
			);
			runOnlyForDeploymentPostprocessing = 0;
		};
		0AADA6AD1C3B2F0F00251178 /* Sources */ = {
			isa = PBXSourcesBuildPhase;
			buildActionMask = 2147483647;
			files = (
				0AADA6B91C3B2F0F00251178 /* finonacciTests.swift in Sources */,
			);
			runOnlyForDeploymentPostprocessing = 0;
		};
/* End PBXSourcesBuildPhase section */

/* Begin PBXTargetDependency section */
		0AADA6B41C3B2F0F00251178 /* PBXTargetDependency */ = {
			isa = PBXTargetDependency;
			target = 0AADA6A51C3B2F0F00251178 /* finonacci */;
			targetProxy = 0AADA6B31C3B2F0F00251178 /* PBXContainerItemProxy */;
		};
/* End PBXTargetDependency section */

/* Begin XCBuildConfiguration section */
		0AADA6BA1C3B2F0F00251178 /* Debug */ = {
			isa = XCBuildConfiguration;
			buildSettings = {
				ALWAYS_SEARCH_USER_PATHS = NO;
				CLANG_CXX_LANGUAGE_STANDARD = "gnu++0x";
				CLANG_CXX_LIBRARY = "libc++";
				CLANG_ENABLE_MODULES = YES;
				CLANG_ENABLE_OBJC_ARC = YES;
				CLANG_WARN_BOOL_CONVERSION = YES;
				CLANG_WARN_CONSTANT_CONVERSION = YES;
				CLANG_WARN_DIRECT_OBJC_ISA_USAGE = YES_ERROR;
				CLANG_WARN_EMPTY_BODY = YES;
				CLANG_WARN_ENUM_CONVERSION = YES;
				CLANG_WARN_INT_CONVERSION = YES;
				CLANG_WARN_OBJC_ROOT_CLASS = YES_ERROR;
				CLANG_WARN_UNREACHABLE_CODE = YES;
				CLANG_WARN__DUPLICATE_METHOD_MATCH = YES;
				"CODE_SIGN_IDENTITY[sdk=iphoneos*]" = "iPhone Developer";
				COPY_PHASE_STRIP = NO;
				CURRENT_PROJECT_VERSION = 1;
				DEBUG_INFORMATION_FORMAT = "dwarf-with-dsym";
				ENABLE_STRICT_OBJC_MSGSEND = YES;
				GCC_C_LANGUAGE_STANDARD = gnu99;
				GCC_DYNAMIC_NO_PIC = NO;
				GCC_NO_COMMON_BLOCKS = YES;
				GCC_OPTIMIZATION_LEVEL = 0;
				GCC_PREPROCESSOR_DEFINITIONS = (
					"DEBUG=1",
					"$(inherited)",
				);
				GCC_SYMBOLS_PRIVATE_EXTERN = NO;
				GCC_WARN_64_TO_32_BIT_CONVERSION = YES;
				GCC_WARN_ABOUT_RETURN_TYPE = YES_ERROR;
				GCC_WARN_UNDECLARED_SELECTOR = YES;
				GCC_WARN_UNINITIALIZED_AUTOS = YES_AGGRESSIVE;
				GCC_WARN_UNUSED_FUNCTION = YES;
				GCC_WARN_UNUSED_VARIABLE = YES;
				IPHONEOS_DEPLOYMENT_TARGET = 8.4;
				MTL_ENABLE_DEBUG_INFO = YES;
				ONLY_ACTIVE_ARCH = YES;
				SDKROOT = iphoneos;
				SWIFT_OPTIMIZATION_LEVEL = "-Onone";
				TARGETED_DEVICE_FAMILY = "1,2";
				VERSIONING_SYSTEM = "apple-generic";
				VERSION_INFO_PREFIX = "";
			};
			name = Debug;
		};
		0AADA6BB1C3B2F0F00251178 /* Release */ = {
			isa = XCBuildConfiguration;
			buildSettings = {
				ALWAYS_SEARCH_USER_PATHS = NO;
				CLANG_CXX_LANGUAGE_STANDARD = "gnu++0x";
				CLANG_CXX_LIBRARY = "libc++";
				CLANG_ENABLE_MODULES = YES;
				CLANG_ENABLE_OBJC_ARC = YES;
				CLANG_WARN_BOOL_CONVERSION = YES;
				CLANG_WARN_CONSTANT_CONVERSION = YES;
				CLANG_WARN_DIRECT_OBJC_ISA_USAGE = YES_ERROR;
				CLANG_WARN_EMPTY_BODY = YES;
				CLANG_WARN_ENUM_CONVERSION = YES;
				CLANG_WARN_INT_CONVERSION = YES;
				CLANG_WARN_OBJC_ROOT_CLASS = YES_ERROR;
				CLANG_WARN_UNREACHABLE_CODE = YES;
				CLANG_WARN__DUPLICATE_METHOD_MATCH = YES;
				"CODE_SIGN_IDENTITY[sdk=iphoneos*]" = "iPhone Developer";
				COPY_PHASE_STRIP = NO;
				CURRENT_PROJECT_VERSION = 1;
				DEBUG_INFORMATION_FORMAT = "dwarf-with-dsym";
				ENABLE_NS_ASSERTIONS = NO;
				ENABLE_STRICT_OBJC_MSGSEND = YES;
				GCC_C_LANGUAGE_STANDARD = gnu99;
				GCC_NO_COMMON_BLOCKS = YES;
				GCC_WARN_64_TO_32_BIT_CONVERSION = YES;
				GCC_WARN_ABOUT_RETURN_TYPE = YES_ERROR;
				GCC_WARN_UNDECLARED_SELECTOR = YES;
				GCC_WARN_UNINITIALIZED_AUTOS = YES_AGGRESSIVE;
				GCC_WARN_UNUSED_FUNCTION = YES;
				GCC_WARN_UNUSED_VARIABLE = YES;
				IPHONEOS_DEPLOYMENT_TARGET = 8.4;
				MTL_ENABLE_DEBUG_INFO = NO;
				SDKROOT = iphoneos;
				TARGETED_DEVICE_FAMILY = "1,2";
				VALIDATE_PRODUCT = YES;
				VERSIONING_SYSTEM = "apple-generic";
				VERSION_INFO_PREFIX = "";
			};
			name = Release;
		};
		0AADA6BD1C3B2F0F00251178 /* Debug */ = {
			isa = XCBuildConfiguration;
			buildSettings = {
				CLANG_ENABLE_MODULES = YES;
				DEFINES_MODULE = YES;
				DYLIB_COMPATIBILITY_VERSION = 1;
				DYLIB_CURRENT_VERSION = 1;
				DYLIB_INSTALL_NAME_BASE = "@rpath";
				INFOPLIST_FILE = finonacci/Info.plist;
				INSTALL_PATH = "$(LOCAL_LIBRARY_DIR)/Frameworks";
				LD_RUNPATH_SEARCH_PATHS = "$(inherited) @executable_path/Frameworks @loader_path/Frameworks";
				PRODUCT_NAME = "$(TARGET_NAME)";
				SKIP_INSTALL = YES;
				SWIFT_OPTIMIZATION_LEVEL = "-Onone";
			};
			name = Debug;
		};
		0AADA6BE1C3B2F0F00251178 /* Release */ = {
			isa = XCBuildConfiguration;
			buildSettings = {
				CLANG_ENABLE_MODULES = YES;
				DEFINES_MODULE = YES;
				DYLIB_COMPATIBILITY_VERSION = 1;
				DYLIB_CURRENT_VERSION = 1;
				DYLIB_INSTALL_NAME_BASE = "@rpath";
				INFOPLIST_FILE = finonacci/Info.plist;
				INSTALL_PATH = "$(LOCAL_LIBRARY_DIR)/Frameworks";
				LD_RUNPATH_SEARCH_PATHS = "$(inherited) @executable_path/Frameworks @loader_path/Frameworks";
				PRODUCT_NAME = "$(TARGET_NAME)";
				SKIP_INSTALL = YES;
			};
			name = Release;
		};
		0AADA6C01C3B2F0F00251178 /* Debug */ = {
			isa = XCBuildConfiguration;
			buildSettings = {
				FRAMEWORK_SEARCH_PATHS = (
					"$(SDKROOT)/Developer/Library/Frameworks",
					"$(inherited)",
				);
				GCC_PREPROCESSOR_DEFINITIONS = (
					"DEBUG=1",
					"$(inherited)",
				);
				INFOPLIST_FILE = finonacciTests/Info.plist;
				LD_RUNPATH_SEARCH_PATHS = "$(inherited) @executable_path/Frameworks @loader_path/Frameworks";
				PRODUCT_NAME = "$(TARGET_NAME)";
			};
			name = Debug;
		};
		0AADA6C11C3B2F0F00251178 /* Release */ = {
			isa = XCBuildConfiguration;
			buildSettings = {
				FRAMEWORK_SEARCH_PATHS = (
					"$(SDKROOT)/Developer/Library/Frameworks",
					"$(inherited)",
				);
				INFOPLIST_FILE = finonacciTests/Info.plist;
				LD_RUNPATH_SEARCH_PATHS = "$(inherited) @executable_path/Frameworks @loader_path/Frameworks";
				PRODUCT_NAME = "$(TARGET_NAME)";
			};
			name = Release;
		};
/* End XCBuildConfiguration section */

/* Begin XCConfigurationList section */
		0AADA6A01C3B2F0F00251178 /* Build configuration list for PBXProject "finonacci" */ = {
			isa = XCConfigurationList;
			buildConfigurations = (
				0AADA6BA1C3B2F0F00251178 /* Debug */,
				0AADA6BB1C3B2F0F00251178 /* Release */,
			);
			defaultConfigurationIsVisible = 0;
			defaultConfigurationName = Release;
		};
		0AADA6BC1C3B2F0F00251178 /* Build configuration list for PBXNativeTarget "finonacci" */ = {
			isa = XCConfigurationList;
			buildConfigurations = (
				0AADA6BD1C3B2F0F00251178 /* Debug */,
				0AADA6BE1C3B2F0F00251178 /* Release */,
			);
			defaultConfigurationIsVisible = 0;
		};
		0AADA6BF1C3B2F0F00251178 /* Build configuration list for PBXNativeTarget "finonacciTests" */ = {
			isa = XCConfigurationList;
			buildConfigurations = (
				0AADA6C01C3B2F0F00251178 /* Debug */,
				0AADA6C11C3B2F0F00251178 /* Release */,
			);
			defaultConfigurationIsVisible = 0;
		};
/* End XCConfigurationList section */
	};
	rootObject = 0AADA69D1C3B2F0F00251178 /* Project object */;
}
